// !$*UTF8*$!
{
	archiveVersion = 1;
	classes = {
	};
	objectVersion = 77;
	objects = {

/* Begin PBXContainerItemProxy section */
		D501B2BD2C9C87AC00C7317E /* PBXContainerItemProxy */ = {
			isa = PBXContainerItemProxy;
			containerPortal = D501B2A42C9C87AA00C7317E /* Project object */;
			proxyType = 1;
			remoteGlobalIDString = D501B2AB2C9C87AA00C7317E;
			remoteInfo = PokedexSwiftUI;
		};
		D501B2C72C9C87AC00C7317E /* PBXContainerItemProxy */ = {
			isa = PBXContainerItemProxy;
			containerPortal = D501B2A42C9C87AA00C7317E /* Project object */;
			proxyType = 1;
			remoteGlobalIDString = D501B2AB2C9C87AA00C7317E;
			remoteInfo = PokedexSwiftUI;
		};
/* End PBXContainerItemProxy section */

/* Begin PBXFileReference section */
		D501B2AC2C9C87AA00C7317E /* PokedexSwiftUI.app */ = {isa = PBXFileReference; explicitFileType = wrapper.application; includeInIndex = 0; path = PokedexSwiftUI.app; sourceTree = BUILT_PRODUCTS_DIR; };
		D501B2BC2C9C87AC00C7317E /* PokedexSwiftUITests.xctest */ = {isa = PBXFileReference; explicitFileType = wrapper.cfbundle; includeInIndex = 0; path = PokedexSwiftUITests.xctest; sourceTree = BUILT_PRODUCTS_DIR; };
		D501B2C62C9C87AC00C7317E /* PokedexSwiftUIUITests.xctest */ = {isa = PBXFileReference; explicitFileType = wrapper.cfbundle; includeInIndex = 0; path = PokedexSwiftUIUITests.xctest; sourceTree = BUILT_PRODUCTS_DIR; };
/* End PBXFileReference section */

/* Begin PBXFileSystemSynchronizedRootGroup section */
		D501B2AE2C9C87AA00C7317E /* PokedexSwiftUI */ = {
			isa = PBXFileSystemSynchronizedRootGroup;
			path = PokedexSwiftUI;
			sourceTree = "<group>";
		};
		D501B2BF2C9C87AC00C7317E /* PokedexSwiftUITests */ = {
			isa = PBXFileSystemSynchronizedRootGroup;
			path = PokedexSwiftUITests;
			sourceTree = "<group>";
		};
		D501B2C92C9C87AC00C7317E /* PokedexSwiftUIUITests */ = {
			isa = PBXFileSystemSynchronizedRootGroup;
			path = PokedexSwiftUIUITests;
			sourceTree = "<group>";
		};
/* End PBXFileSystemSynchronizedRootGroup section */

/* Begin PBXFrameworksBuildPhase section */
		D501B2A92C9C87AA00C7317E /* Frameworks */ = {
			isa = PBXFrameworksBuildPhase;
			buildActionMask = 2147483647;
			files = (
			);
			runOnlyForDeploymentPostprocessing = 0;
		};
		D501B2B92C9C87AC00C7317E /* Frameworks */ = {
			isa = PBXFrameworksBuildPhase;
			buildActionMask = 2147483647;
			files = (
			);
			runOnlyForDeploymentPostprocessing = 0;
		};
		D501B2C32C9C87AC00C7317E /* Frameworks */ = {
			isa = PBXFrameworksBuildPhase;
			buildActionMask = 2147483647;
			files = (
			);
			runOnlyForDeploymentPostprocessing = 0;
		};
/* End PBXFrameworksBuildPhase section */

/* Begin PBXGroup section */
		D501B2A32C9C87A900C7317E = {
			isa = PBXGroup;
			children = (
				D501B2AE2C9C87AA00C7317E /* PokedexSwiftUI */,
				D501B2BF2C9C87AC00C7317E /* PokedexSwiftUITests */,
				D501B2C92C9C87AC00C7317E /* PokedexSwiftUIUITests */,
				D501B2AD2C9C87AA00C7317E /* Products */,
			);
			sourceTree = "<group>";
		};
		D501B2AD2C9C87AA00C7317E /* Products */ = {
			isa = PBXGroup;
			children = (
				D501B2AC2C9C87AA00C7317E /* PokedexSwiftUI.app */,
				D501B2BC2C9C87AC00C7317E /* PokedexSwiftUITests.xctest */,
				D501B2C62C9C87AC00C7317E /* PokedexSwiftUIUITests.xctest */,
			);
			name = Products;
			sourceTree = "<group>";
		};
/* End PBXGroup section */

/* Begin PBXNativeTarget section */
		D501B2AB2C9C87AA00C7317E /* PokedexSwiftUI */ = {
			isa = PBXNativeTarget;
			buildConfigurationList = D501B2D02C9C87AC00C7317E /* Build configuration list for PBXNativeTarget "PokedexSwiftUI" */;
			buildPhases = (
				D501B2A82C9C87AA00C7317E /* Sources */,
				D501B2A92C9C87AA00C7317E /* Frameworks */,
				D501B2AA2C9C87AA00C7317E /* Resources */,
			);
			buildRules = (
			);
			dependencies = (
			);
			fileSystemSynchronizedGroups = (
				D501B2AE2C9C87AA00C7317E /* PokedexSwiftUI */,
			);
			name = PokedexSwiftUI;
			packageProductDependencies = (
			);
			productName = PokedexSwiftUI;
			productReference = D501B2AC2C9C87AA00C7317E /* PokedexSwiftUI.app */;
			productType = "com.apple.product-type.application";
		};
		D501B2BB2C9C87AC00C7317E /* PokedexSwiftUITests */ = {
			isa = PBXNativeTarget;
			buildConfigurationList = D501B2D32C9C87AC00C7317E /* Build configuration list for PBXNativeTarget "PokedexSwiftUITests" */;
			buildPhases = (
				D501B2B82C9C87AC00C7317E /* Sources */,
				D501B2B92C9C87AC00C7317E /* Frameworks */,
				D501B2BA2C9C87AC00C7317E /* Resources */,
			);
			buildRules = (
			);
			dependencies = (
				D501B2BE2C9C87AC00C7317E /* PBXTargetDependency */,
			);
			fileSystemSynchronizedGroups = (
				D501B2BF2C9C87AC00C7317E /* PokedexSwiftUITests */,
			);
			name = PokedexSwiftUITests;
			packageProductDependencies = (
			);
			productName = PokedexSwiftUITests;
			productReference = D501B2BC2C9C87AC00C7317E /* PokedexSwiftUITests.xctest */;
			productType = "com.apple.product-type.bundle.unit-test";
		};
		D501B2C52C9C87AC00C7317E /* PokedexSwiftUIUITests */ = {
			isa = PBXNativeTarget;
			buildConfigurationList = D501B2D62C9C87AC00C7317E /* Build configuration list for PBXNativeTarget "PokedexSwiftUIUITests" */;
			buildPhases = (
				D501B2C22C9C87AC00C7317E /* Sources */,
				D501B2C32C9C87AC00C7317E /* Frameworks */,
				D501B2C42C9C87AC00C7317E /* Resources */,
			);
			buildRules = (
			);
			dependencies = (
				D501B2C82C9C87AC00C7317E /* PBXTargetDependency */,
			);
			fileSystemSynchronizedGroups = (
				D501B2C92C9C87AC00C7317E /* PokedexSwiftUIUITests */,
			);
			name = PokedexSwiftUIUITests;
			packageProductDependencies = (
			);
			productName = PokedexSwiftUIUITests;
			productReference = D501B2C62C9C87AC00C7317E /* PokedexSwiftUIUITests.xctest */;
			productType = "com.apple.product-type.bundle.ui-testing";
		};
/* End PBXNativeTarget section */

/* Begin PBXProject section */
		D501B2A42C9C87AA00C7317E /* Project object */ = {
			isa = PBXProject;
			attributes = {
				BuildIndependentTargetsInParallel = 1;
				LastSwiftUpdateCheck = 1600;
				LastUpgradeCheck = 1600;
				TargetAttributes = {
					D501B2AB2C9C87AA00C7317E = {
						CreatedOnToolsVersion = 16.0;
					};
					D501B2BB2C9C87AC00C7317E = {
						CreatedOnToolsVersion = 16.0;
						TestTargetID = D501B2AB2C9C87AA00C7317E;
					};
					D501B2C52C9C87AC00C7317E = {
						CreatedOnToolsVersion = 16.0;
						TestTargetID = D501B2AB2C9C87AA00C7317E;
					};
				};
			};
			buildConfigurationList = D501B2A72C9C87AA00C7317E /* Build configuration list for PBXProject "PokedexSwiftUI" */;
			developmentRegion = en;
			hasScannedForEncodings = 0;
			knownRegions = (
				en,
				Base,
			);
			mainGroup = D501B2A32C9C87A900C7317E;
			minimizedProjectReferenceProxies = 1;
			preferredProjectObjectVersion = 77;
			productRefGroup = D501B2AD2C9C87AA00C7317E /* Products */;
			projectDirPath = "";
			projectRoot = "";
			targets = (
				D501B2AB2C9C87AA00C7317E /* PokedexSwiftUI */,
				D501B2BB2C9C87AC00C7317E /* PokedexSwiftUITests */,
				D501B2C52C9C87AC00C7317E /* PokedexSwiftUIUITests */,
			);
		};
/* End PBXProject section */

/* Begin PBXResourcesBuildPhase section */
		D501B2AA2C9C87AA00C7317E /* Resources */ = {
			isa = PBXResourcesBuildPhase;
			buildActionMask = 2147483647;
			files = (
			);
			runOnlyForDeploymentPostprocessing = 0;
		};
		D501B2BA2C9C87AC00C7317E /* Resources */ = {
			isa = PBXResourcesBuildPhase;
			buildActionMask = 2147483647;
			files = (
			);
			runOnlyForDeploymentPostprocessing = 0;
		};
		D501B2C42C9C87AC00C7317E /* Resources */ = {
			isa = PBXResourcesBuildPhase;
			buildActionMask = 2147483647;
			files = (
			);
			runOnlyForDeploymentPostprocessing = 0;
		};
/* End PBXResourcesBuildPhase section */

/* Begin PBXSourcesBuildPhase section */
		D501B2A82C9C87AA00C7317E /* Sources */ = {
			isa = PBXSourcesBuildPhase;
			buildActionMask = 2147483647;
			files = (
			);
			runOnlyForDeploymentPostprocessing = 0;
		};
		D501B2B82C9C87AC00C7317E /* Sources */ = {
			isa = PBXSourcesBuildPhase;
			buildActionMask = 2147483647;
			files = (
			);
			runOnlyForDeploymentPostprocessing = 0;
		};
		D501B2C22C9C87AC00C7317E /* Sources */ = {
			isa = PBXSourcesBuildPhase;
			buildActionMask = 2147483647;
			files = (
			);
			runOnlyForDeploymentPostprocessing = 0;
		};
/* End PBXSourcesBuildPhase section */

/* Begin PBXTargetDependency section */
		D501B2BE2C9C87AC00C7317E /* PBXTargetDependency */ = {
			isa = PBXTargetDependency;
			target = D501B2AB2C9C87AA00C7317E /* PokedexSwiftUI */;
			targetProxy = D501B2BD2C9C87AC00C7317E /* PBXContainerItemProxy */;
		};
		D501B2C82C9C87AC00C7317E /* PBXTargetDependency */ = {
			isa = PBXTargetDependency;
			target = D501B2AB2C9C87AA00C7317E /* PokedexSwiftUI */;
			targetProxy = D501B2C72C9C87AC00C7317E /* PBXContainerItemProxy */;
		};
/* End PBXTargetDependency section */

/* Begin XCBuildConfiguration section */
		D501B2CE2C9C87AC00C7317E /* Debug */ = {
			isa = XCBuildConfiguration;
			buildSettings = {
				ALWAYS_SEARCH_USER_PATHS = NO;
				ASSETCATALOG_COMPILER_GENERATE_SWIFT_ASSET_SYMBOL_EXTENSIONS = YES;
				CLANG_ANALYZER_NONNULL = YES;
				CLANG_ANALYZER_NUMBER_OBJECT_CONVERSION = YES_AGGRESSIVE;
				CLANG_CXX_LANGUAGE_STANDARD = "gnu++20";
				CLANG_ENABLE_MODULES = YES;
				CLANG_ENABLE_OBJC_ARC = YES;
				CLANG_ENABLE_OBJC_WEAK = YES;
				CLANG_WARN_BLOCK_CAPTURE_AUTORELEASING = YES;
				CLANG_WARN_BOOL_CONVERSION = YES;
				CLANG_WARN_COMMA = YES;
				CLANG_WARN_CONSTANT_CONVERSION = YES;
				CLANG_WARN_DEPRECATED_OBJC_IMPLEMENTATIONS = YES;
				CLANG_WARN_DIRECT_OBJC_ISA_USAGE = YES_ERROR;
				CLANG_WARN_DOCUMENTATION_COMMENTS = YES;
				CLANG_WARN_EMPTY_BODY = YES;
				CLANG_WARN_ENUM_CONVERSION = YES;
				CLANG_WARN_INFINITE_RECURSION = YES;
				CLANG_WARN_INT_CONVERSION = YES;
				CLANG_WARN_NON_LITERAL_NULL_CONVERSION = YES;
				CLANG_WARN_OBJC_IMPLICIT_RETAIN_SELF = YES;
				CLANG_WARN_OBJC_LITERAL_CONVERSION = YES;
				CLANG_WARN_OBJC_ROOT_CLASS = YES_ERROR;
				CLANG_WARN_QUOTED_INCLUDE_IN_FRAMEWORK_HEADER = YES;
				CLANG_WARN_RANGE_LOOP_ANALYSIS = YES;
				CLANG_WARN_STRICT_PROTOTYPES = YES;
				CLANG_WARN_SUSPICIOUS_MOVE = YES;
				CLANG_WARN_UNGUARDED_AVAILABILITY = YES_AGGRESSIVE;
				CLANG_WARN_UNREACHABLE_CODE = YES;
				CLANG_WARN__DUPLICATE_METHOD_MATCH = YES;
				COPY_PHASE_STRIP = NO;
				DEBUG_INFORMATION_FORMAT = dwarf;
				ENABLE_STRICT_OBJC_MSGSEND = YES;
				ENABLE_TESTABILITY = YES;
				ENABLE_USER_SCRIPT_SANDBOXING = YES;
				GCC_C_LANGUAGE_STANDARD = gnu17;
				GCC_DYNAMIC_NO_PIC = NO;
				GCC_NO_COMMON_BLOCKS = YES;
				GCC_OPTIMIZATION_LEVEL = 0;
				GCC_PREPROCESSOR_DEFINITIONS = (
					"DEBUG=1",
					"$(inherited)",
				);
				GCC_WARN_64_TO_32_BIT_CONVERSION = YES;
				GCC_WARN_ABOUT_RETURN_TYPE = YES_ERROR;
				GCC_WARN_UNDECLARED_SELECTOR = YES;
				GCC_WARN_UNINITIALIZED_AUTOS = YES_AGGRESSIVE;
				GCC_WARN_UNUSED_FUNCTION = YES;
				GCC_WARN_UNUSED_VARIABLE = YES;
				IPHONEOS_DEPLOYMENT_TARGET = 18.0;
				LOCALIZATION_PREFERS_STRING_CATALOGS = YES;
				MTL_ENABLE_DEBUG_INFO = INCLUDE_SOURCE;
				MTL_FAST_MATH = YES;
				ONLY_ACTIVE_ARCH = YES;
				SDKROOT = iphoneos;
				SWIFT_ACTIVE_COMPILATION_CONDITIONS = "DEBUG $(inherited)";
				SWIFT_OPTIMIZATION_LEVEL = "-Onone";
			};
			name = Debug;
		};
		D501B2CF2C9C87AC00C7317E /* Release */ = {
			isa = XCBuildConfiguration;
			buildSettings = {
				ALWAYS_SEARCH_USER_PATHS = NO;
				ASSETCATALOG_COMPILER_GENERATE_SWIFT_ASSET_SYMBOL_EXTENSIONS = YES;
				CLANG_ANALYZER_NONNULL = YES;
				CLANG_ANALYZER_NUMBER_OBJECT_CONVERSION = YES_AGGRESSIVE;
				CLANG_CXX_LANGUAGE_STANDARD = "gnu++20";
				CLANG_ENABLE_MODULES = YES;
				CLANG_ENABLE_OBJC_ARC = YES;
				CLANG_ENABLE_OBJC_WEAK = YES;
				CLANG_WARN_BLOCK_CAPTURE_AUTORELEASING = YES;
				CLANG_WARN_BOOL_CONVERSION = YES;
				CLANG_WARN_COMMA = YES;
				CLANG_WARN_CONSTANT_CONVERSION = YES;
				CLANG_WARN_DEPRECATED_OBJC_IMPLEMENTATIONS = YES;
				CLANG_WARN_DIRECT_OBJC_ISA_USAGE = YES_ERROR;
				CLANG_WARN_DOCUMENTATION_COMMENTS = YES;
				CLANG_WARN_EMPTY_BODY = YES;
				CLANG_WARN_ENUM_CONVERSION = YES;
				CLANG_WARN_INFINITE_RECURSION = YES;
				CLANG_WARN_INT_CONVERSION = YES;
				CLANG_WARN_NON_LITERAL_NULL_CONVERSION = YES;
				CLANG_WARN_OBJC_IMPLICIT_RETAIN_SELF = YES;
				CLANG_WARN_OBJC_LITERAL_CONVERSION = YES;
				CLANG_WARN_OBJC_ROOT_CLASS = YES_ERROR;
				CLANG_WARN_QUOTED_INCLUDE_IN_FRAMEWORK_HEADER = YES;
				CLANG_WARN_RANGE_LOOP_ANALYSIS = YES;
				CLANG_WARN_STRICT_PROTOTYPES = YES;
				CLANG_WARN_SUSPICIOUS_MOVE = YES;
				CLANG_WARN_UNGUARDED_AVAILABILITY = YES_AGGRESSIVE;
				CLANG_WARN_UNREACHABLE_CODE = YES;
				CLANG_WARN__DUPLICATE_METHOD_MATCH = YES;
				COPY_PHASE_STRIP = NO;
				DEBUG_INFORMATION_FORMAT = "dwarf-with-dsym";
				ENABLE_NS_ASSERTIONS = NO;
				ENABLE_STRICT_OBJC_MSGSEND = YES;
				ENABLE_USER_SCRIPT_SANDBOXING = YES;
				GCC_C_LANGUAGE_STANDARD = gnu17;
				GCC_NO_COMMON_BLOCKS = YES;
				GCC_WARN_64_TO_32_BIT_CONVERSION = YES;
				GCC_WARN_ABOUT_RETURN_TYPE = YES_ERROR;
				GCC_WARN_UNDECLARED_SELECTOR = YES;
				GCC_WARN_UNINITIALIZED_AUTOS = YES_AGGRESSIVE;
				GCC_WARN_UNUSED_FUNCTION = YES;
				GCC_WARN_UNUSED_VARIABLE = YES;
				IPHONEOS_DEPLOYMENT_TARGET = 18.0;
				LOCALIZATION_PREFERS_STRING_CATALOGS = YES;
				MTL_ENABLE_DEBUG_INFO = NO;
				MTL_FAST_MATH = YES;
				SDKROOT = iphoneos;
				SWIFT_COMPILATION_MODE = wholemodule;
				VALIDATE_PRODUCT = YES;
			};
			name = Release;
		};
		D501B2D12C9C87AC00C7317E /* Debug */ = {
			isa = XCBuildConfiguration;
			buildSettings = {
				ASSETCATALOG_COMPILER_APPICON_NAME = AppIcon;
				ASSETCATALOG_COMPILER_GLOBAL_ACCENT_COLOR_NAME = AccentColor;
				CODE_SIGN_STYLE = Automatic;
				CURRENT_PROJECT_VERSION = 1;
				DEVELOPMENT_ASSET_PATHS = "\"PokedexSwiftUI/Preview Content\"";
				DEVELOPMENT_TEAM = 3M6YJP64GV;
				ENABLE_PREVIEWS = YES;
				GENERATE_INFOPLIST_FILE = YES;
				INFOPLIST_KEY_UIApplicationSceneManifest_Generation = YES;
				INFOPLIST_KEY_UIApplicationSupportsIndirectInputEvents = YES;
				INFOPLIST_KEY_UILaunchScreen_Generation = YES;
				INFOPLIST_KEY_UISupportedInterfaceOrientations_iPad = "UIInterfaceOrientationPortrait UIInterfaceOrientationPortraitUpsideDown UIInterfaceOrientationLandscapeLeft UIInterfaceOrientationLandscapeRight";
				INFOPLIST_KEY_UISupportedInterfaceOrientations_iPhone = "UIInterfaceOrientationPortrait UIInterfaceOrientationLandscapeLeft UIInterfaceOrientationLandscapeRight";
				LD_RUNPATH_SEARCH_PATHS = (
					"$(inherited)",
					"@executable_path/Frameworks",
				);
				MARKETING_VERSION = 1.0;
				PRODUCT_BUNDLE_IDENTIFIER = com.patriespert.PokedexSwiftUI;
				PRODUCT_NAME = "$(TARGET_NAME)";
				SWIFT_EMIT_LOC_STRINGS = YES;
				SWIFT_VERSION = 5.0;
				TARGETED_DEVICE_FAMILY = "1,2";
			};
			name = Debug;
		};
		D501B2D22C9C87AC00C7317E /* Release */ = {
			isa = XCBuildConfiguration;
			buildSettings = {
				ASSETCATALOG_COMPILER_APPICON_NAME = AppIcon;
				ASSETCATALOG_COMPILER_GLOBAL_ACCENT_COLOR_NAME = AccentColor;
				CODE_SIGN_STYLE = Automatic;
				CURRENT_PROJECT_VERSION = 1;
				DEVELOPMENT_ASSET_PATHS = "\"PokedexSwiftUI/Preview Content\"";
				DEVELOPMENT_TEAM = 3M6YJP64GV;
				ENABLE_PREVIEWS = YES;
				GENERATE_INFOPLIST_FILE = YES;
				INFOPLIST_KEY_UIApplicationSceneManifest_Generation = YES;
				INFOPLIST_KEY_UIApplicationSupportsIndirectInputEvents = YES;
				INFOPLIST_KEY_UILaunchScreen_Generation = YES;
				INFOPLIST_KEY_UISupportedInterfaceOrientations_iPad = "UIInterfaceOrientationPortrait UIInterfaceOrientationPortraitUpsideDown UIInterfaceOrientationLandscapeLeft UIInterfaceOrientationLandscapeRight";
				INFOPLIST_KEY_UISupportedInterfaceOrientations_iPhone = "UIInterfaceOrientationPortrait UIInterfaceOrientationLandscapeLeft UIInterfaceOrientationLandscapeRight";
				LD_RUNPATH_SEARCH_PATHS = (
					"$(inherited)",
					"@executable_path/Frameworks",
				);
				MARKETING_VERSION = 1.0;
				PRODUCT_BUNDLE_IDENTIFIER = com.patriespert.PokedexSwiftUI;
				PRODUCT_NAME = "$(TARGET_NAME)";
				SWIFT_EMIT_LOC_STRINGS = YES;
				SWIFT_VERSION = 5.0;
				TARGETED_DEVICE_FAMILY = "1,2";
			};
			name = Release;
		};
		D501B2D42C9C87AC00C7317E /* Debug */ = {
			isa = XCBuildConfiguration;
			buildSettings = {
				BUNDLE_LOADER = "$(TEST_HOST)";
				CODE_SIGN_STYLE = Automatic;
				CURRENT_PROJECT_VERSION = 1;
				DEVELOPMENT_TEAM = 3M6YJP64GV;
				GENERATE_INFOPLIST_FILE = YES;
				IPHONEOS_DEPLOYMENT_TARGET = 18.0;
				MARKETING_VERSION = 1.0;
				PRODUCT_BUNDLE_IDENTIFIER = com.patriespert.PokedexSwiftUITests;
				PRODUCT_NAME = "$(TARGET_NAME)";
				SWIFT_EMIT_LOC_STRINGS = NO;
				SWIFT_VERSION = 5.0;
				TARGETED_DEVICE_FAMILY = "1,2";
				TEST_HOST = "$(BUILT_PRODUCTS_DIR)/PokedexSwiftUI.app/$(BUNDLE_EXECUTABLE_FOLDER_PATH)/PokedexSwiftUI";
			};
			name = Debug;
		};
		D501B2D52C9C87AC00C7317E /* Release */ = {
			isa = XCBuildConfiguration;
			buildSettings = {
				BUNDLE_LOADER = "$(TEST_HOST)";
				CODE_SIGN_STYLE = Automatic;
				CURRENT_PROJECT_VERSION = 1;
				DEVELOPMENT_TEAM = 3M6YJP64GV;
				GENERATE_INFOPLIST_FILE = YES;
				IPHONEOS_DEPLOYMENT_TARGET = 18.0;
				MARKETING_VERSION = 1.0;
				PRODUCT_BUNDLE_IDENTIFIER = com.patriespert.PokedexSwiftUITests;
				PRODUCT_NAME = "$(TARGET_NAME)";
				SWIFT_EMIT_LOC_STRINGS = NO;
				SWIFT_VERSION = 5.0;
				TARGETED_DEVICE_FAMILY = "1,2";
				TEST_HOST = "$(BUILT_PRODUCTS_DIR)/PokedexSwiftUI.app/$(BUNDLE_EXECUTABLE_FOLDER_PATH)/PokedexSwiftUI";
			};
			name = Release;
		};
		D501B2D72C9C87AC00C7317E /* Debug */ = {
			isa = XCBuildConfiguration;
			buildSettings = {
				CODE_SIGN_STYLE = Automatic;
				CURRENT_PROJECT_VERSION = 1;
				DEVELOPMENT_TEAM = 3M6YJP64GV;
				GENERATE_INFOPLIST_FILE = YES;
				MARKETING_VERSION = 1.0;
				PRODUCT_BUNDLE_IDENTIFIER = com.patriespert.PokedexSwiftUIUITests;
				PRODUCT_NAME = "$(TARGET_NAME)";
				SWIFT_EMIT_LOC_STRINGS = NO;
				SWIFT_VERSION = 5.0;
				TARGETED_DEVICE_FAMILY = "1,2";
				TEST_TARGET_NAME = PokedexSwiftUI;
			};
			name = Debug;
		};
		D501B2D82C9C87AC00C7317E /* Release */ = {
			isa = XCBuildConfiguration;
			buildSettings = {
				CODE_SIGN_STYLE = Automatic;
				CURRENT_PROJECT_VERSION = 1;
				DEVELOPMENT_TEAM = 3M6YJP64GV;
				GENERATE_INFOPLIST_FILE = YES;
				MARKETING_VERSION = 1.0;
				PRODUCT_BUNDLE_IDENTIFIER = com.patriespert.PokedexSwiftUIUITests;
				PRODUCT_NAME = "$(TARGET_NAME)";
				SWIFT_EMIT_LOC_STRINGS = NO;
				SWIFT_VERSION = 5.0;
				TARGETED_DEVICE_FAMILY = "1,2";
				TEST_TARGET_NAME = PokedexSwiftUI;
			};
			name = Release;
		};
/* End XCBuildConfiguration section */

/* Begin XCConfigurationList section */
		D501B2A72C9C87AA00C7317E /* Build configuration list for PBXProject "PokedexSwiftUI" */ = {
			isa = XCConfigurationList;
			buildConfigurations = (
				D501B2CE2C9C87AC00C7317E /* Debug */,
				D501B2CF2C9C87AC00C7317E /* Release */,
			);
			defaultConfigurationIsVisible = 0;
			defaultConfigurationName = Release;
		};
		D501B2D02C9C87AC00C7317E /* Build configuration list for PBXNativeTarget "PokedexSwiftUI" */ = {
			isa = XCConfigurationList;
			buildConfigurations = (
				D501B2D12C9C87AC00C7317E /* Debug */,
				D501B2D22C9C87AC00C7317E /* Release */,
			);
			defaultConfigurationIsVisible = 0;
			defaultConfigurationName = Release;
		};
		D501B2D32C9C87AC00C7317E /* Build configuration list for PBXNativeTarget "PokedexSwiftUITests" */ = {
			isa = XCConfigurationList;
			buildConfigurations = (
				D501B2D42C9C87AC00C7317E /* Debug */,
				D501B2D52C9C87AC00C7317E /* Release */,
			);
			defaultConfigurationIsVisible = 0;
			defaultConfigurationName = Release;
		};
		D501B2D62C9C87AC00C7317E /* Build configuration list for PBXNativeTarget "PokedexSwiftUIUITests" */ = {
			isa = XCConfigurationList;
			buildConfigurations = (
				D501B2D72C9C87AC00C7317E /* Debug */,
				D501B2D82C9C87AC00C7317E /* Release */,
			);
			defaultConfigurationIsVisible = 0;
			defaultConfigurationName = Release;
		};
/* End XCConfigurationList section */
	};
	rootObject = D501B2A42C9C87AA00C7317E /* Project object */;
}
